
Microsoft Visual Studio Solution File, Format Version 12.00
# Visual Studio Version 17
VisualStudioVersion = 17.0.31903.59
MinimumVisualStudioVersion = 10.0.40219.1
Project("{FAE04EC0-301F-11D3-BF4B-00C04F79EFBC}") = "Streamflix.Transcoding.Core", "Streamflix.Transcoding.Core\Streamflix.Transcoding.Core.csproj", "{3F49A0E6-4243-49CF-BD60-0C5EDDDFB644}"
EndProject
Project("{FAE04EC0-301F-11D3-BF4B-00C04F79EFBC}") = "Streamflix.Transcoding.API", "Streamflix.Transcoding.API\Streamflix.Transcoding.API.csproj", "{C9512A4B-27B2-49BA-8313-863688043FD3}"
EndProject
Project("{FAE04EC0-301F-11D3-BF4B-00C04F79EFBC}") = "Streamflix.Transcoding.Infrastructure", "Streamflix.Transcoding.Infrastructure\Streamflix.Transcoding.Infrastructure.csproj", "{21EC191C-C0DF-4AD7-860A-EA446352EE04}"
EndProject
Project("{FAE04EC0-301F-11D3-BF4B-00C04F79EFBC}") = "Streamflix.Transcoding.ControllerTests", "Streamflix.Transcoding.ControllerTests\Streamflix.Transcoding.ControllerTests.csproj", "{273F04B7-B527-466E-9124-3F0669B4E82A}"
EndProject
Global
	GlobalSection(SolutionConfigurationPlatforms) = preSolution
		Debug|Any CPU = Debug|Any CPU
		Debug|x64 = Debug|x64
		Debug|x86 = Debug|x86
		Release|Any CPU = Release|Any CPU
		Release|x64 = Release|x64
		Release|x86 = Release|x86
	EndGlobalSection
	GlobalSection(ProjectConfigurationPlatforms) = postSolution
		{3F49A0E6-4243-49CF-BD60-0C5EDDDFB644}.Debug|Any CPU.ActiveCfg = Debug|Any CPU
		{3F49A0E6-4243-49CF-BD60-0C5EDDDFB644}.Debug|Any CPU.Build.0 = Debug|Any CPU
		{3F49A0E6-4243-49CF-BD60-0C5EDDDFB644}.Debug|x64.ActiveCfg = Debug|Any CPU
		{3F49A0E6-4243-49CF-BD60-0C5EDDDFB644}.Debug|x64.Build.0 = Debug|Any CPU
		{3F49A0E6-4243-49CF-BD60-0C5EDDDFB644}.Debug|x86.ActiveCfg = Debug|Any CPU
		{3F49A0E6-4243-49CF-BD60-0C5EDDDFB644}.Debug|x86.Build.0 = Debug|Any CPU
		{3F49A0E6-4243-49CF-BD60-0C5EDDDFB644}.Release|Any CPU.ActiveCfg = Release|Any CPU
		{3F49A0E6-4243-49CF-BD60-0C5EDDDFB644}.Release|Any CPU.Build.0 = Release|Any CPU
		{3F49A0E6-4243-49CF-BD60-0C5EDDDFB644}.Release|x64.ActiveCfg = Release|Any CPU
		{3F49A0E6-4243-49CF-BD60-0C5EDDDFB644}.Release|x64.Build.0 = Release|Any CPU
		{3F49A0E6-4243-49CF-BD60-0C5EDDDFB644}.Release|x86.ActiveCfg = Release|Any CPU
		{3F49A0E6-4243-49CF-BD60-0C5EDDDFB644}.Release|x86.Build.0 = Release|Any CPU
		{C9512A4B-27B2-49BA-8313-863688043FD3}.Debug|Any CPU.ActiveCfg = Debug|Any CPU
		{C9512A4B-27B2-49BA-8313-863688043FD3}.Debug|Any CPU.Build.0 = Debug|Any CPU
		{C9512A4B-27B2-49BA-8313-863688043FD3}.Debug|x64.ActiveCfg = Debug|Any CPU
		{C9512A4B-27B2-49BA-8313-863688043FD3}.Debug|x64.Build.0 = Debug|Any CPU
		{C9512A4B-27B2-49BA-8313-863688043FD3}.Debug|x86.ActiveCfg = Debug|Any CPU
		{C9512A4B-27B2-49BA-8313-863688043FD3}.Debug|x86.Build.0 = Debug|Any CPU
		{C9512A4B-27B2-49BA-8313-863688043FD3}.Release|Any CPU.ActiveCfg = Release|Any CPU
		{C9512A4B-27B2-49BA-8313-863688043FD3}.Release|Any CPU.Build.0 = Release|Any CPU
		{C9512A4B-27B2-49BA-8313-863688043FD3}.Release|x64.ActiveCfg = Release|Any CPU
		{C9512A4B-27B2-49BA-8313-863688043FD3}.Release|x64.Build.0 = Release|Any CPU
		{C9512A4B-27B2-49BA-8313-863688043FD3}.Release|x86.ActiveCfg = Release|Any CPU
		{C9512A4B-27B2-49BA-8313-863688043FD3}.Release|x86.Build.0 = Release|Any CPU
		{21EC191C-C0DF-4AD7-860A-EA446352EE04}.Debug|Any CPU.ActiveCfg = Debug|Any CPU
		{21EC191C-C0DF-4AD7-860A-EA446352EE04}.Debug|Any CPU.Build.0 = Debug|Any CPU
		{21EC191C-C0DF-4AD7-860A-EA446352EE04}.Debug|x64.ActiveCfg = Debug|Any CPU
		{21EC191C-C0DF-4AD7-860A-EA446352EE04}.Debug|x64.Build.0 = Debug|Any CPU
		{21EC191C-C0DF-4AD7-860A-EA446352EE04}.Debug|x86.ActiveCfg = Debug|Any CPU
		{21EC191C-C0DF-4AD7-860A-EA446352EE04}.Debug|x86.Build.0 = Debug|Any CPU
		{21EC191C-C0DF-4AD7-860A-EA446352EE04}.Release|Any CPU.ActiveCfg = Release|Any CPU
		{21EC191C-C0DF-4AD7-860A-EA446352EE04}.Release|Any CPU.Build.0 = Release|Any CPU
		{21EC191C-C0DF-4AD7-860A-EA446352EE04}.Release|x64.ActiveCfg = Release|Any CPU
		{21EC191C-C0DF-4AD7-860A-EA446352EE04}.Release|x64.Build.0 = Release|Any CPU
		{21EC191C-C0DF-4AD7-860A-EA446352EE04}.Release|x86.ActiveCfg = Release|Any CPU
		{21EC191C-C0DF-4AD7-860A-EA446352EE04}.Release|x86.Build.0 = Release|Any CPU
		{273F04B7-B527-466E-9124-3F0669B4E82A}.Debug|Any CPU.ActiveCfg = Debug|Any CPU
		{273F04B7-B527-466E-9124-3F0669B4E82A}.Debug|Any CPU.Build.0 = Debug|Any CPU
		{273F04B7-B527-466E-9124-3F0669B4E82A}.Debug|x64.ActiveCfg = Debug|Any CPU
		{273F04B7-B527-466E-9124-3F0669B4E82A}.Debug|x64.Build.0 = Debug|Any CPU
		{273F04B7-B527-466E-9124-3F0669B4E82A}.Debug|x86.ActiveCfg = Debug|Any CPU
		{273F04B7-B527-466E-9124-3F0669B4E82A}.Debug|x86.Build.0 = Debug|Any CPU
		{273F04B7-B527-466E-9124-3F0669B4E82A}.Release|Any CPU.ActiveCfg = Release|Any CPU
		{273F04B7-B527-466E-9124-3F0669B4E82A}.Release|Any CPU.Build.0 = Release|Any CPU
		{273F04B7-B527-466E-9124-3F0669B4E82A}.Release|x64.ActiveCfg = Release|Any CPU
		{273F04B7-B527-466E-9124-3F0669B4E82A}.Release|x64.Build.0 = Release|Any CPU
		{273F04B7-B527-466E-9124-3F0669B4E82A}.Release|x86.ActiveCfg = Release|Any CPU
		{273F04B7-B527-466E-9124-3F0669B4E82A}.Release|x86.Build.0 = Release|Any CPU
	EndGlobalSection
	GlobalSection(SolutionProperties) = preSolution
		HideSolutionNode = FALSE
	EndGlobalSection
EndGlobal
